{
  "requires": true,
  "lockfileVersion": 1,
  "dependencies": {
    "hybrid-calculator": {
      "version": "0.0.1",
      "resolved": "https://registry.npmjs.org/hybrid-calculator/-/hybrid-calculator-0.0.1.tgz",
      "integrity": "sha512-v+oLv2QHuZGUEtxuAB2YCvQa5JzggVtWG5OU7mClpkQHEScRPXCur99fn4DmlN6N58ahqJgvCQDqwMazBdkWbw=="
    }
  }
}
